{
  "name": "backend",
  "lockfileVersion": 3,
  "requires": true,
  "packages": {
    "": {
      "dependencies": {
        "@prisma/client": "^4.16.0"
      }
    },
    "node_modules/@prisma/client": {
      "version": "4.16.0",
      "resolved": "https://registry.npmjs.org/@prisma/client/-/client-4.16.0.tgz",
      "integrity": "sha512-CBD+5IdZPiavhLkQokvsz1uz4r9ppixaqY/ajybWs4WXNnsDVMBKEqN3BiPzpSo79jiy22VKj/67pqt4VwIg9w==",
      "hasInstallScript": true,
      "dependencies": {
        "@prisma/engines-version": "4.16.0-66.b20ead4d3ab9e78ac112966e242ded703f4a052c"
      },
      "engines": {
        "node": ">=14.17"
      },
      "peerDependencies": {
        "prisma": "*"
      },
      "peerDependenciesMeta": {
        "prisma": {
          "optional": true
        }
      }
    },
    "node_modules/@prisma/engines-version": {
      "version": "4.16.0-66.b20ead4d3ab9e78ac112966e242ded703f4a052c",
      "resolved": "https://registry.npmjs.org/@prisma/engines-version/-/engines-version-4.16.0-66.b20ead4d3ab9e78ac112966e242ded703f4a052c.tgz",
      "integrity": "sha512-tMWAF/qF00fbUH1HB4Yjmz6bjh7fzkb7Y3NRoUfMlHu6V+O45MGvqwYxqwBjn1BIUXkl3r04W351D4qdJjrgvA=="
    }
  }
}
